
Microsoft Visual Studio Solution File, Format Version 12.00
# Visual Studio Version 17
VisualStudioVersion = 17.11.35327.3
MinimumVisualStudioVersion = 10.0.40219.1
Project("{FAE04EC0-301F-11D3-BF4B-00C04F79EFBC}") = "Bankkonto", "Bankkonto_Aufgabe\Bankkonto.csproj", "{271E4D28-2D61-4123-8EE8-AE4BE73CC8EC}"
EndProject
Project("{FAE04EC0-301F-11D3-BF4B-00C04F79EFBC}") = "BankKontoTest", "BankKontoTest\BankKontoTest.csproj", "{F5446FA6-EBB1-4DB2-B8C6-7465EE0D69D5}"
EndProject
Global
	GlobalSection(SolutionConfigurationPlatforms) = preSolution
		Debug|Any CPU = Debug|Any CPU
		Release|Any CPU = Release|Any CPU
	EndGlobalSection
	GlobalSection(ProjectConfigurationPlatforms) = postSolution
		{271E4D28-2D61-4123-8EE8-AE4BE73CC8EC}.Debug|Any CPU.ActiveCfg = Debug|Any CPU
		{271E4D28-2D61-4123-8EE8-AE4BE73CC8EC}.Debug|Any CPU.Build.0 = Debug|Any CPU
		{271E4D28-2D61-4123-8EE8-AE4BE73CC8EC}.Release|Any CPU.ActiveCfg = Release|Any CPU
		{271E4D28-2D61-4123-8EE8-AE4BE73CC8EC}.Release|Any CPU.Build.0 = Release|Any CPU
		{F5446FA6-EBB1-4DB2-B8C6-7465EE0D69D5}.Debug|Any CPU.ActiveCfg = Debug|Any CPU
		{F5446FA6-EBB1-4DB2-B8C6-7465EE0D69D5}.Debug|Any CPU.Build.0 = Debug|Any CPU
		{F5446FA6-EBB1-4DB2-B8C6-7465EE0D69D5}.Release|Any CPU.ActiveCfg = Release|Any CPU
		{F5446FA6-EBB1-4DB2-B8C6-7465EE0D69D5}.Release|Any CPU.Build.0 = Release|Any CPU
	EndGlobalSection
	GlobalSection(SolutionProperties) = preSolution
		HideSolutionNode = FALSE
	EndGlobalSection
	GlobalSection(ExtensibilityGlobals) = postSolution
		SolutionGuid = {83027B9A-E924-4B6C-951A-4F26ACE9C83C}
	EndGlobalSection
EndGlobal
